
Microsoft Visual Studio Solution File, Format Version 12.00
# Visual Studio Version 17
VisualStudioVersion = 17.0.31903.59
MinimumVisualStudioVersion = 10.0.40219.1
Project("{2150E333-8FDC-42A3-9474-1A3956D46DE8}") = "src", "src", "{827E0CD3-B72D-47B6-A68D-7590B98EB39B}"
EndProject
Project("{FAE04EC0-301F-11D3-BF4B-00C04F79EFBC}") = "Api", "src\Api\Api.csproj", "{8841C578-45A8-4EAC-ABDB-2BF346484E5E}"
EndProject
Project("{FAE04EC0-301F-11D3-BF4B-00C04F79EFBC}") = "Application", "src\Application\Application.csproj", "{65F61DE5-ACF1-46CE-8DC7-F4E9CFE4A1A0}"
EndProject
Project("{FAE04EC0-301F-11D3-BF4B-00C04F79EFBC}") = "Domain", "src\Domain\Domain.csproj", "{B5E427FF-2275-47BC-90B0-94599A765B33}"
EndProject
Project("{FAE04EC0-301F-11D3-BF4B-00C04F79EFBC}") = "Infrastructure", "src\Infrastructure\Infrastructure.csproj", "{CC0439B4-35EB-4F88-A12F-18E987FB104B}"
EndProject
Project("{2150E333-8FDC-42A3-9474-1A3956D46DE8}") = "test", "test", "{0C88DD14-F956-CE84-757C-A364CCF449FC}"
EndProject
Project("{FAE04EC0-301F-11D3-BF4B-00C04F79EFBC}") = "Api.Tests", "test\Api.Tests\Api.Tests.csproj", "{538A3F2E-402C-4F46-A6AC-790F34BF5A29}"
EndProject
Global
	GlobalSection(SolutionConfigurationPlatforms) = preSolution
		Debug|Any CPU = Debug|Any CPU
		Debug|x64 = Debug|x64
		Debug|x86 = Debug|x86
		Release|Any CPU = Release|Any CPU
		Release|x64 = Release|x64
		Release|x86 = Release|x86
	EndGlobalSection
	GlobalSection(ProjectConfigurationPlatforms) = postSolution
		{8841C578-45A8-4EAC-ABDB-2BF346484E5E}.Debug|Any CPU.ActiveCfg = Debug|Any CPU
		{8841C578-45A8-4EAC-ABDB-2BF346484E5E}.Debug|Any CPU.Build.0 = Debug|Any CPU
		{8841C578-45A8-4EAC-ABDB-2BF346484E5E}.Debug|x64.ActiveCfg = Debug|Any CPU
		{8841C578-45A8-4EAC-ABDB-2BF346484E5E}.Debug|x64.Build.0 = Debug|Any CPU
		{8841C578-45A8-4EAC-ABDB-2BF346484E5E}.Debug|x86.ActiveCfg = Debug|Any CPU
		{8841C578-45A8-4EAC-ABDB-2BF346484E5E}.Debug|x86.Build.0 = Debug|Any CPU
		{8841C578-45A8-4EAC-ABDB-2BF346484E5E}.Release|Any CPU.ActiveCfg = Release|Any CPU
		{8841C578-45A8-4EAC-ABDB-2BF346484E5E}.Release|Any CPU.Build.0 = Release|Any CPU
		{8841C578-45A8-4EAC-ABDB-2BF346484E5E}.Release|x64.ActiveCfg = Release|Any CPU
		{8841C578-45A8-4EAC-ABDB-2BF346484E5E}.Release|x64.Build.0 = Release|Any CPU
		{8841C578-45A8-4EAC-ABDB-2BF346484E5E}.Release|x86.ActiveCfg = Release|Any CPU
		{8841C578-45A8-4EAC-ABDB-2BF346484E5E}.Release|x86.Build.0 = Release|Any CPU
		{65F61DE5-ACF1-46CE-8DC7-F4E9CFE4A1A0}.Debug|Any CPU.ActiveCfg = Debug|Any CPU
		{65F61DE5-ACF1-46CE-8DC7-F4E9CFE4A1A0}.Debug|Any CPU.Build.0 = Debug|Any CPU
		{65F61DE5-ACF1-46CE-8DC7-F4E9CFE4A1A0}.Debug|x64.ActiveCfg = Debug|Any CPU
		{65F61DE5-ACF1-46CE-8DC7-F4E9CFE4A1A0}.Debug|x64.Build.0 = Debug|Any CPU
		{65F61DE5-ACF1-46CE-8DC7-F4E9CFE4A1A0}.Debug|x86.ActiveCfg = Debug|Any CPU
		{65F61DE5-ACF1-46CE-8DC7-F4E9CFE4A1A0}.Debug|x86.Build.0 = Debug|Any CPU
		{65F61DE5-ACF1-46CE-8DC7-F4E9CFE4A1A0}.Release|Any CPU.ActiveCfg = Release|Any CPU
		{65F61DE5-ACF1-46CE-8DC7-F4E9CFE4A1A0}.Release|Any CPU.Build.0 = Release|Any CPU
		{65F61DE5-ACF1-46CE-8DC7-F4E9CFE4A1A0}.Release|x64.ActiveCfg = Release|Any CPU
		{65F61DE5-ACF1-46CE-8DC7-F4E9CFE4A1A0}.Release|x64.Build.0 = Release|Any CPU
		{65F61DE5-ACF1-46CE-8DC7-F4E9CFE4A1A0}.Release|x86.ActiveCfg = Release|Any CPU
		{65F61DE5-ACF1-46CE-8DC7-F4E9CFE4A1A0}.Release|x86.Build.0 = Release|Any CPU
		{B5E427FF-2275-47BC-90B0-94599A765B33}.Debug|Any CPU.ActiveCfg = Debug|Any CPU
		{B5E427FF-2275-47BC-90B0-94599A765B33}.Debug|Any CPU.Build.0 = Debug|Any CPU
		{B5E427FF-2275-47BC-90B0-94599A765B33}.Debug|x64.ActiveCfg = Debug|Any CPU
		{B5E427FF-2275-47BC-90B0-94599A765B33}.Debug|x64.Build.0 = Debug|Any CPU
		{B5E427FF-2275-47BC-90B0-94599A765B33}.Debug|x86.ActiveCfg = Debug|Any CPU
		{B5E427FF-2275-47BC-90B0-94599A765B33}.Debug|x86.Build.0 = Debug|Any CPU
		{B5E427FF-2275-47BC-90B0-94599A765B33}.Release|Any CPU.ActiveCfg = Release|Any CPU
		{B5E427FF-2275-47BC-90B0-94599A765B33}.Release|Any CPU.Build.0 = Release|Any CPU
		{B5E427FF-2275-47BC-90B0-94599A765B33}.Release|x64.ActiveCfg = Release|Any CPU
		{B5E427FF-2275-47BC-90B0-94599A765B33}.Release|x64.Build.0 = Release|Any CPU
		{B5E427FF-2275-47BC-90B0-94599A765B33}.Release|x86.ActiveCfg = Release|Any CPU
		{B5E427FF-2275-47BC-90B0-94599A765B33}.Release|x86.Build.0 = Release|Any CPU
		{CC0439B4-35EB-4F88-A12F-18E987FB104B}.Debug|Any CPU.ActiveCfg = Debug|Any CPU
		{CC0439B4-35EB-4F88-A12F-18E987FB104B}.Debug|Any CPU.Build.0 = Debug|Any CPU
		{CC0439B4-35EB-4F88-A12F-18E987FB104B}.Debug|x64.ActiveCfg = Debug|Any CPU
		{CC0439B4-35EB-4F88-A12F-18E987FB104B}.Debug|x64.Build.0 = Debug|Any CPU
		{CC0439B4-35EB-4F88-A12F-18E987FB104B}.Debug|x86.ActiveCfg = Debug|Any CPU
		{CC0439B4-35EB-4F88-A12F-18E987FB104B}.Debug|x86.Build.0 = Debug|Any CPU
		{CC0439B4-35EB-4F88-A12F-18E987FB104B}.Release|Any CPU.ActiveCfg = Release|Any CPU
		{CC0439B4-35EB-4F88-A12F-18E987FB104B}.Release|Any CPU.Build.0 = Release|Any CPU
		{CC0439B4-35EB-4F88-A12F-18E987FB104B}.Release|x64.ActiveCfg = Release|Any CPU
		{CC0439B4-35EB-4F88-A12F-18E987FB104B}.Release|x64.Build.0 = Release|Any CPU
		{CC0439B4-35EB-4F88-A12F-18E987FB104B}.Release|x86.ActiveCfg = Release|Any CPU
		{CC0439B4-35EB-4F88-A12F-18E987FB104B}.Release|x86.Build.0 = Release|Any CPU
		{538A3F2E-402C-4F46-A6AC-790F34BF5A29}.Debug|Any CPU.ActiveCfg = Debug|Any CPU
		{538A3F2E-402C-4F46-A6AC-790F34BF5A29}.Debug|Any CPU.Build.0 = Debug|Any CPU
		{538A3F2E-402C-4F46-A6AC-790F34BF5A29}.Debug|x64.ActiveCfg = Debug|Any CPU
		{538A3F2E-402C-4F46-A6AC-790F34BF5A29}.Debug|x64.Build.0 = Debug|Any CPU
		{538A3F2E-402C-4F46-A6AC-790F34BF5A29}.Debug|x86.ActiveCfg = Debug|Any CPU
		{538A3F2E-402C-4F46-A6AC-790F34BF5A29}.Debug|x86.Build.0 = Debug|Any CPU
		{538A3F2E-402C-4F46-A6AC-790F34BF5A29}.Release|Any CPU.ActiveCfg = Release|Any CPU
		{538A3F2E-402C-4F46-A6AC-790F34BF5A29}.Release|Any CPU.Build.0 = Release|Any CPU
		{538A3F2E-402C-4F46-A6AC-790F34BF5A29}.Release|x64.ActiveCfg = Release|Any CPU
		{538A3F2E-402C-4F46-A6AC-790F34BF5A29}.Release|x64.Build.0 = Release|Any CPU
		{538A3F2E-402C-4F46-A6AC-790F34BF5A29}.Release|x86.ActiveCfg = Release|Any CPU
		{538A3F2E-402C-4F46-A6AC-790F34BF5A29}.Release|x86.Build.0 = Release|Any CPU
	EndGlobalSection
	GlobalSection(SolutionProperties) = preSolution
		HideSolutionNode = FALSE
	EndGlobalSection
	GlobalSection(NestedProjects) = preSolution
		{8841C578-45A8-4EAC-ABDB-2BF346484E5E} = {827E0CD3-B72D-47B6-A68D-7590B98EB39B}
		{65F61DE5-ACF1-46CE-8DC7-F4E9CFE4A1A0} = {827E0CD3-B72D-47B6-A68D-7590B98EB39B}
		{B5E427FF-2275-47BC-90B0-94599A765B33} = {827E0CD3-B72D-47B6-A68D-7590B98EB39B}
		{CC0439B4-35EB-4F88-A12F-18E987FB104B} = {827E0CD3-B72D-47B6-A68D-7590B98EB39B}
		{538A3F2E-402C-4F46-A6AC-790F34BF5A29} = {0C88DD14-F956-CE84-757C-A364CCF449FC}
	EndGlobalSection
EndGlobal
